{
  "name": "secret-gists",
  "version": "0.0.0",
  "lockfileVersion": 1,
  "requires": true,
  "dependencies": {
    "dotenv-node": {
      "version": "0.0.2",
      "resolved": "https://registry.npmjs.org/dotenv-node/-/dotenv-node-0.0.2.tgz",
      "integrity": "sha1-5fq2SJ1ovyJNlayrMsvlS0hPnuc=",
      "requires": {
        "fsreadfileastype": "0.0.4",
        "underscore": "1.8.3"
      }
    },
    "fsreadfileastype": {
      "version": "0.0.4",
      "resolved": "https://registry.npmjs.org/fsreadfileastype/-/fsreadfileastype-0.0.4.tgz",
      "integrity": "sha1-804uhtfRFt3RDBMfFlEZKOE2cBI=",
      "requires": {
        "shellvarparser": "0.0.3",
        "underscore": "1.5.2"
      },
      "dependencies": {
        "underscore": {
          "version": "1.5.2",
          "resolved": "https://registry.npmjs.org/underscore/-/underscore-1.5.2.tgz",
          "integrity": "sha1-EzXF5PXm0zu7SwBrqMhqAPVW3gg="
        }
      }
    },
    "shellvarparser": {
      "version": "0.0.3",
      "resolved": "https://registry.npmjs.org/shellvarparser/-/shellvarparser-0.0.3.tgz",
      "integrity": "sha1-O1oy4u8a4aE9/WxzYiUJ5jiPcx0=",
      "requires": {
        "underscore": "1.5.2"
      },
      "dependencies": {
        "underscore": {
          "version": "1.5.2",
          "resolved": "https://registry.npmjs.org/underscore/-/underscore-1.5.2.tgz",
          "integrity": "sha1-EzXF5PXm0zu7SwBrqMhqAPVW3gg="
        }
      }
    },
    "underscore": {
      "version": "1.8.3",
      "resolved": "https://registry.npmjs.org/underscore/-/underscore-1.8.3.tgz",
      "integrity": "sha1-Tz+1OxBuYJf8+ctBCfKl6b36UCI="
    }
  }
}
