# THIS IS AN AUTOGENERATED FILE. DO NOT EDIT THIS FILE DIRECTLY.
# yarn lockfile v1


github@^14.0.0:
  version "14.0.0"
  resolved "https://registry.yarnpkg.com/github/-/github-14.0.0.tgz#b707ed88c33cd05e155c785d289aa6229c59a850"

yarn@^1.7.0:
  version "1.7.0"
  resolved "https://registry.yarnpkg.com/yarn/-/yarn-1.7.0.tgz#0076b9fde6010e01950526a609bc53bc175ef925"
